// !$*UTF8*$!
{
	archiveVersion = 1;
	classes = {
	};
	objectVersion = 55;
	objects = {

/* Begin PBXBuildFile section */
		311C480F274925570076D471 /* PingBarApp.swift in Sources */ = {isa = PBXBuildFile; fileRef = 311C480E274925570076D471 /* PingBarApp.swift */; };
		311C4813274925580076D471 /* Images.xcassets in Resources */ = {isa = PBXBuildFile; fileRef = 311C4812274925580076D471 /* Images.xcassets */; };
		311C483B27492C250076D471 /* MenuBuilder in Frameworks */ = {isa = PBXBuildFile; productRef = 311C483A27492C250076D471 /* MenuBuilder */; };
		311C4844274930180076D471 /* SettingsView.swift in Sources */ = {isa = PBXBuildFile; fileRef = 311C4843274930180076D471 /* SettingsView.swift */; };
		311C4846274937DA0076D471 /* Pinger.swift in Sources */ = {isa = PBXBuildFile; fileRef = 311C4845274937DA0076D471 /* Pinger.swift */; };
		311C4848274948150076D471 /* Credits.rtf in Resources */ = {isa = PBXBuildFile; fileRef = 311C4847274948150076D471 /* Credits.rtf */; };
		311C484A274949F90076D471 /* PingBarAppDelegate.swift in Sources */ = {isa = PBXBuildFile; fileRef = 311C4849274949F90076D471 /* PingBarAppDelegate.swift */; };
/* End PBXBuildFile section */

/* Begin PBXFileReference section */
		311C480B274925570076D471 /* PingBar.app */ = {isa = PBXFileReference; explicitFileType = wrapper.application; includeInIndex = 0; path = PingBar.app; sourceTree = BUILT_PRODUCTS_DIR; };
		311C480E274925570076D471 /* PingBarApp.swift */ = {isa = PBXFileReference; lastKnownFileType = sourcecode.swift; path = PingBarApp.swift; sourceTree = "<group>"; };
		311C4812274925580076D471 /* Images.xcassets */ = {isa = PBXFileReference; lastKnownFileType = folder.assetcatalog; name = Images.xcassets; path = PingBar/Images.xcassets; sourceTree = "<group>"; };
		311C4817274925580076D471 /* PingBar.entitlements */ = {isa = PBXFileReference; lastKnownFileType = text.plist.entitlements; name = PingBar.entitlements; path = PingBar/PingBar.entitlements; sourceTree = "<group>"; };
		311C483F27492E300076D471 /* PingBar-Info.plist */ = {isa = PBXFileReference; lastKnownFileType = text.plist.xml; path = "PingBar-Info.plist"; sourceTree = "<group>"; };
		311C484227492F630076D471 /* README.md */ = {isa = PBXFileReference; lastKnownFileType = net.daringfireball.markdown; path = README.md; sourceTree = "<group>"; };
		311C4843274930180076D471 /* SettingsView.swift */ = {isa = PBXFileReference; lastKnownFileType = sourcecode.swift; path = SettingsView.swift; sourceTree = "<group>"; };
		311C4845274937DA0076D471 /* Pinger.swift */ = {isa = PBXFileReference; lastKnownFileType = sourcecode.swift; path = Pinger.swift; sourceTree = "<group>"; };
		311C4847274948150076D471 /* Credits.rtf */ = {isa = PBXFileReference; fileEncoding = 4; lastKnownFileType = text.rtf; path = Credits.rtf; sourceTree = "<group>"; };
		311C4849274949F90076D471 /* PingBarAppDelegate.swift */ = {isa = PBXFileReference; lastKnownFileType = sourcecode.swift; path = PingBarAppDelegate.swift; sourceTree = "<group>"; };
		3167F647290FCD8D0055F45D /* PRIVACY_POLICY.md */ = {isa = PBXFileReference; lastKnownFileType = net.daringfireball.markdown; path = PRIVACY_POLICY.md; sourceTree = "<group>"; };
/* End PBXFileReference section */

/* Begin PBXFrameworksBuildPhase section */
		311C4808274925570076D471 /* Frameworks */ = {
			isa = PBXFrameworksBuildPhase;
			buildActionMask = 2147483647;
			files = (
				311C483B27492C250076D471 /* MenuBuilder in Frameworks */,
			);
			runOnlyForDeploymentPostprocessing = 0;
		};
/* End PBXFrameworksBuildPhase section */

/* Begin PBXGroup section */
		311C4802274925570076D471 = {
			isa = PBXGroup;
			children = (
				3167F647290FCD8D0055F45D /* PRIVACY_POLICY.md */,
				311C484227492F630076D471 /* README.md */,
				311C484C274952A80076D471 /* Resources */,
				311C484B27494A010076D471 /* Classes */,
				311C480C274925570076D471 /* Products */,
			);
			sourceTree = "<group>";
		};
		311C480C274925570076D471 /* Products */ = {
			isa = PBXGroup;
			children = (
				311C480B274925570076D471 /* PingBar.app */,
			);
			name = Products;
			sourceTree = "<group>";
		};
		311C484B27494A010076D471 /* Classes */ = {
			isa = PBXGroup;
			children = (
				311C480E274925570076D471 /* PingBarApp.swift */,
				311C4843274930180076D471 /* SettingsView.swift */,
				311C4845274937DA0076D471 /* Pinger.swift */,
				311C4849274949F90076D471 /* PingBarAppDelegate.swift */,
			);
			name = Classes;
			sourceTree = "<group>";
		};
		311C484C274952A80076D471 /* Resources */ = {
			isa = PBXGroup;
			children = (
				311C483F27492E300076D471 /* PingBar-Info.plist */,
				311C4812274925580076D471 /* Images.xcassets */,
				311C4817274925580076D471 /* PingBar.entitlements */,
				311C4847274948150076D471 /* Credits.rtf */,
			);
			name = Resources;
			sourceTree = "<group>";
		};
/* End PBXGroup section */

/* Begin PBXNativeTarget section */
		311C480A274925570076D471 /* PingBar */ = {
			isa = PBXNativeTarget;
			buildConfigurationList = 311C4830274925580076D471 /* Build configuration list for PBXNativeTarget "PingBar" */;
			buildPhases = (
				311C4807274925570076D471 /* Sources */,
				311C4808274925570076D471 /* Frameworks */,
				311C4809274925570076D471 /* Resources */,
			);
			buildRules = (
			);
			dependencies = (
			);
			name = PingBar;
			packageProductDependencies = (
				311C483A27492C250076D471 /* MenuBuilder */,
			);
			productName = PingBar;
			productReference = 311C480B274925570076D471 /* PingBar.app */;
			productType = "com.apple.product-type.application";
		};
/* End PBXNativeTarget section */

/* Begin PBXProject section */
		311C4803274925570076D471 /* Project object */ = {
			isa = PBXProject;
			attributes = {
				BuildIndependentTargetsInParallel = 1;
				LastSwiftUpdateCheck = 1320;
				LastUpgradeCheck = 1320;
				TargetAttributes = {
					311C480A274925570076D471 = {
						CreatedOnToolsVersion = 13.2;
					};
				};
			};
			buildConfigurationList = 311C4806274925570076D471 /* Build configuration list for PBXProject "PingBar" */;
			compatibilityVersion = "Xcode 13.0";
			developmentRegion = en;
			hasScannedForEncodings = 0;
			knownRegions = (
				en,
				Base,
			);
			mainGroup = 311C4802274925570076D471;
			packageReferences = (
				311C483927492C240076D471 /* XCRemoteSwiftPackageReference "MenuBuilder" */,
			);
			productRefGroup = 311C480C274925570076D471 /* Products */;
			projectDirPath = "";
			projectRoot = "";
			targets = (
				311C480A274925570076D471 /* PingBar */,
			);
		};
/* End PBXProject section */

/* Begin PBXResourcesBuildPhase section */
		311C4809274925570076D471 /* Resources */ = {
			isa = PBXResourcesBuildPhase;
			buildActionMask = 2147483647;
			files = (
				311C4848274948150076D471 /* Credits.rtf in Resources */,
				311C4813274925580076D471 /* Images.xcassets in Resources */,
			);
			runOnlyForDeploymentPostprocessing = 0;
		};
/* End PBXResourcesBuildPhase section */

/* Begin PBXSourcesBuildPhase section */
		311C4807274925570076D471 /* Sources */ = {
			isa = PBXSourcesBuildPhase;
			buildActionMask = 2147483647;
			files = (
				311C4846274937DA0076D471 /* Pinger.swift in Sources */,
				311C4844274930180076D471 /* SettingsView.swift in Sources */,
				311C484A274949F90076D471 /* PingBarAppDelegate.swift in Sources */,
				311C480F274925570076D471 /* PingBarApp.swift in Sources */,
			);
			runOnlyForDeploymentPostprocessing = 0;
		};
/* End PBXSourcesBuildPhase section */

/* Begin XCBuildConfiguration section */
		311C482E274925580076D471 /* Debug */ = {
			isa = XCBuildConfiguration;
			buildSettings = {
				ALWAYS_SEARCH_USER_PATHS = NO;
				CLANG_ANALYZER_NONNULL = YES;
				CLANG_ANALYZER_NUMBER_OBJECT_CONVERSION = YES_AGGRESSIVE;
				CLANG_CXX_LANGUAGE_STANDARD = "gnu++17";
				CLANG_CXX_LIBRARY = "libc++";
				CLANG_ENABLE_MODULES = YES;
				CLANG_ENABLE_OBJC_ARC = YES;
				CLANG_ENABLE_OBJC_WEAK = YES;
				CLANG_WARN_BLOCK_CAPTURE_AUTORELEASING = YES;
				CLANG_WARN_BOOL_CONVERSION = YES;
				CLANG_WARN_COMMA = YES;
				CLANG_WARN_CONSTANT_CONVERSION = YES;
				CLANG_WARN_DEPRECATED_OBJC_IMPLEMENTATIONS = YES;
				CLANG_WARN_DIRECT_OBJC_ISA_USAGE = YES_ERROR;
				CLANG_WARN_DOCUMENTATION_COMMENTS = YES;
				CLANG_WARN_EMPTY_BODY = YES;
				CLANG_WARN_ENUM_CONVERSION = YES;
				CLANG_WARN_INFINITE_RECURSION = YES;
				CLANG_WARN_INT_CONVERSION = YES;
				CLANG_WARN_NON_LITERAL_NULL_CONVERSION = YES;
				CLANG_WARN_OBJC_IMPLICIT_RETAIN_SELF = YES;
				CLANG_WARN_OBJC_LITERAL_CONVERSION = YES;
				CLANG_WARN_OBJC_ROOT_CLASS = YES_ERROR;
				CLANG_WARN_QUOTED_INCLUDE_IN_FRAMEWORK_HEADER = YES;
				CLANG_WARN_RANGE_LOOP_ANALYSIS = YES;
				CLANG_WARN_STRICT_PROTOTYPES = YES;
				CLANG_WARN_SUSPICIOUS_MOVE = YES;
				CLANG_WARN_UNGUARDED_AVAILABILITY = YES_AGGRESSIVE;
				CLANG_WARN_UNREACHABLE_CODE = YES;
				CLANG_WARN__DUPLICATE_METHOD_MATCH = YES;
				COPY_PHASE_STRIP = NO;
				DEBUG_INFORMATION_FORMAT = dwarf;
				ENABLE_STRICT_OBJC_MSGSEND = YES;
				ENABLE_TESTABILITY = YES;
				GCC_C_LANGUAGE_STANDARD = gnu11;
				GCC_DYNAMIC_NO_PIC = NO;
				GCC_NO_COMMON_BLOCKS = YES;
				GCC_OPTIMIZATION_LEVEL = 0;
				GCC_PREPROCESSOR_DEFINITIONS = (
					"DEBUG=1",
					"$(inherited)",
				);
				GCC_WARN_64_TO_32_BIT_CONVERSION = YES;
				GCC_WARN_ABOUT_RETURN_TYPE = YES_ERROR;
				GCC_WARN_UNDECLARED_SELECTOR = YES;
				GCC_WARN_UNINITIALIZED_AUTOS = YES_AGGRESSIVE;
				GCC_WARN_UNUSED_FUNCTION = YES;
				GCC_WARN_UNUSED_VARIABLE = YES;
				MACOSX_DEPLOYMENT_TARGET = 11.0;
				MTL_ENABLE_DEBUG_INFO = INCLUDE_SOURCE;
				MTL_FAST_MATH = YES;
				ONLY_ACTIVE_ARCH = YES;
				SDKROOT = macosx;
				SWIFT_ACTIVE_COMPILATION_CONDITIONS = DEBUG;
				SWIFT_OPTIMIZATION_LEVEL = "-Onone";
			};
			name = Debug;
		};
		311C482F274925580076D471 /* Release */ = {
			isa = XCBuildConfiguration;
			buildSettings = {
				ALWAYS_SEARCH_USER_PATHS = NO;
				CLANG_ANALYZER_NONNULL = YES;
				CLANG_ANALYZER_NUMBER_OBJECT_CONVERSION = YES_AGGRESSIVE;
				CLANG_CXX_LANGUAGE_STANDARD = "gnu++17";
				CLANG_CXX_LIBRARY = "libc++";
				CLANG_ENABLE_MODULES = YES;
				CLANG_ENABLE_OBJC_ARC = YES;
				CLANG_ENABLE_OBJC_WEAK = YES;
				CLANG_WARN_BLOCK_CAPTURE_AUTORELEASING = YES;
				CLANG_WARN_BOOL_CONVERSION = YES;
				CLANG_WARN_COMMA = YES;
				CLANG_WARN_CONSTANT_CONVERSION = YES;
				CLANG_WARN_DEPRECATED_OBJC_IMPLEMENTATIONS = YES;
				CLANG_WARN_DIRECT_OBJC_ISA_USAGE = YES_ERROR;
				CLANG_WARN_DOCUMENTATION_COMMENTS = YES;
				CLANG_WARN_EMPTY_BODY = YES;
				CLANG_WARN_ENUM_CONVERSION = YES;
				CLANG_WARN_INFINITE_RECURSION = YES;
				CLANG_WARN_INT_CONVERSION = YES;
				CLANG_WARN_NON_LITERAL_NULL_CONVERSION = YES;
				CLANG_WARN_OBJC_IMPLICIT_RETAIN_SELF = YES;
				CLANG_WARN_OBJC_LITERAL_CONVERSION = YES;
				CLANG_WARN_OBJC_ROOT_CLASS = YES_ERROR;
				CLANG_WARN_QUOTED_INCLUDE_IN_FRAMEWORK_HEADER = YES;
				CLANG_WARN_RANGE_LOOP_ANALYSIS = YES;
				CLANG_WARN_STRICT_PROTOTYPES = YES;
				CLANG_WARN_SUSPICIOUS_MOVE = YES;
				CLANG_WARN_UNGUARDED_AVAILABILITY = YES_AGGRESSIVE;
				CLANG_WARN_UNREACHABLE_CODE = YES;
				CLANG_WARN__DUPLICATE_METHOD_MATCH = YES;
				COPY_PHASE_STRIP = NO;
				DEBUG_INFORMATION_FORMAT = "dwarf-with-dsym";
				ENABLE_NS_ASSERTIONS = NO;
				ENABLE_STRICT_OBJC_MSGSEND = YES;
				GCC_C_LANGUAGE_STANDARD = gnu11;
				GCC_NO_COMMON_BLOCKS = YES;
				GCC_WARN_64_TO_32_BIT_CONVERSION = YES;
				GCC_WARN_ABOUT_RETURN_TYPE = YES_ERROR;
				GCC_WARN_UNDECLARED_SELECTOR = YES;
				GCC_WARN_UNINITIALIZED_AUTOS = YES_AGGRESSIVE;
				GCC_WARN_UNUSED_FUNCTION = YES;
				GCC_WARN_UNUSED_VARIABLE = YES;
				MACOSX_DEPLOYMENT_TARGET = 11.0;
				MTL_ENABLE_DEBUG_INFO = NO;
				MTL_FAST_MATH = YES;
				SDKROOT = macosx;
				SWIFT_COMPILATION_MODE = wholemodule;
				SWIFT_OPTIMIZATION_LEVEL = "-O";
			};
			name = Release;
		};
		311C4831274925580076D471 /* Debug */ = {
			isa = XCBuildConfiguration;
			buildSettings = {
				ASSETCATALOG_COMPILER_APPICON_NAME = AppIcon;
				CODE_SIGN_ENTITLEMENTS = PingBar/PingBar.entitlements;
				CODE_SIGN_STYLE = Automatic;
				COMBINE_HIDPI_IMAGES = YES;
				CURRENT_PROJECT_VERSION = 1;
				DEVELOPMENT_ASSET_PATHS = "";
				DEVELOPMENT_TEAM = 8PTW3KVFUQ;
				ENABLE_HARDENED_RUNTIME = YES;
				ENABLE_PREVIEWS = YES;
				GENERATE_INFOPLIST_FILE = NO;
				INFOPLIST_FILE = "PingBar-Info.plist";
				INFOPLIST_KEY_NSHumanReadableCopyright = "";
				LD_RUNPATH_SEARCH_PATHS = (
					"$(inherited)",
					"@executable_path/../Frameworks",
				);
				MARKETING_VERSION = 1.0;
				PRODUCT_BUNDLE_IDENTIFIER = dk.luckysoftware.PingBar;
				PRODUCT_NAME = "$(TARGET_NAME)";
				SWIFT_EMIT_LOC_STRINGS = YES;
				SWIFT_VERSION = 5.0;
			};
			name = Debug;
		};
		311C4832274925580076D471 /* Release */ = {
			isa = XCBuildConfiguration;
			buildSettings = {
				ASSETCATALOG_COMPILER_APPICON_NAME = AppIcon;
				CODE_SIGN_ENTITLEMENTS = PingBar/PingBar.entitlements;
				CODE_SIGN_STYLE = Automatic;
				COMBINE_HIDPI_IMAGES = YES;
				CURRENT_PROJECT_VERSION = 1;
				DEVELOPMENT_ASSET_PATHS = "";
				DEVELOPMENT_TEAM = 8PTW3KVFUQ;
				ENABLE_HARDENED_RUNTIME = YES;
				ENABLE_PREVIEWS = YES;
				GENERATE_INFOPLIST_FILE = NO;
				INFOPLIST_FILE = "PingBar-Info.plist";
				INFOPLIST_KEY_NSHumanReadableCopyright = "";
				LD_RUNPATH_SEARCH_PATHS = (
					"$(inherited)",
					"@executable_path/../Frameworks",
				);
				MARKETING_VERSION = 1.0;
				PRODUCT_BUNDLE_IDENTIFIER = dk.luckysoftware.PingBar;
				PRODUCT_NAME = "$(TARGET_NAME)";
				SWIFT_EMIT_LOC_STRINGS = YES;
				SWIFT_VERSION = 5.0;
			};
			name = Release;
		};
/* End XCBuildConfiguration section */

/* Begin XCConfigurationList section */
		311C4806274925570076D471 /* Build configuration list for PBXProject "PingBar" */ = {
			isa = XCConfigurationList;
			buildConfigurations = (
				311C482E274925580076D471 /* Debug */,
				311C482F274925580076D471 /* Release */,
			);
			defaultConfigurationIsVisible = 0;
			defaultConfigurationName = Release;
		};
		311C4830274925580076D471 /* Build configuration list for PBXNativeTarget "PingBar" */ = {
			isa = XCConfigurationList;
			buildConfigurations = (
				311C4831274925580076D471 /* Debug */,
				311C4832274925580076D471 /* Release */,
			);
			defaultConfigurationIsVisible = 0;
			defaultConfigurationName = Release;
		};
/* End XCConfigurationList section */

/* Begin XCRemoteSwiftPackageReference section */
		311C483927492C240076D471 /* XCRemoteSwiftPackageReference "MenuBuilder" */ = {
			isa = XCRemoteSwiftPackageReference;
			repositoryURL = "https://github.com/j-f1/MenuBuilder";
			requirement = {
				branch = main;
				kind = branch;
			};
		};
/* End XCRemoteSwiftPackageReference section */

/* Begin XCSwiftPackageProductDependency section */
		311C483A27492C250076D471 /* MenuBuilder */ = {
			isa = XCSwiftPackageProductDependency;
			package = 311C483927492C240076D471 /* XCRemoteSwiftPackageReference "MenuBuilder" */;
			productName = MenuBuilder;
		};
/* End XCSwiftPackageProductDependency section */
	};
	rootObject = 311C4803274925570076D471 /* Project object */;
}
